
Microsoft Visual Studio Solution File, Format Version 12.00
# Visual Studio Version 17
VisualStudioVersion = 17.3.32825.248
MinimumVisualStudioVersion = 10.0.40219.1
Project("{9A19103F-16F7-4668-BE54-9A1E7A4F7556}") = "Exercice1", "Exercice1\Exercice1.csproj", "{4A4C158B-BF13-4AD1-ACAC-A9B355A91A7E}"
EndProject
Project("{FAE04EC0-301F-11D3-BF4B-00C04F79EFBC}") = "exercice2", "exercice2\exercice2.csproj", "{B9ED04C2-1F76-4868-83BC-830DF54456F9}"
EndProject
Global
	GlobalSection(SolutionConfigurationPlatforms) = preSolution
		Debug|Any CPU = Debug|Any CPU
		Release|Any CPU = Release|Any CPU
	EndGlobalSection
	GlobalSection(ProjectConfigurationPlatforms) = postSolution
		{4A4C158B-BF13-4AD1-ACAC-A9B355A91A7E}.Debug|Any CPU.ActiveCfg = Debug|Any CPU
		{4A4C158B-BF13-4AD1-ACAC-A9B355A91A7E}.Debug|Any CPU.Build.0 = Debug|Any CPU
		{4A4C158B-BF13-4AD1-ACAC-A9B355A91A7E}.Release|Any CPU.ActiveCfg = Release|Any CPU
		{4A4C158B-BF13-4AD1-ACAC-A9B355A91A7E}.Release|Any CPU.Build.0 = Release|Any CPU
		{B9ED04C2-1F76-4868-83BC-830DF54456F9}.Debug|Any CPU.ActiveCfg = Debug|Any CPU
		{B9ED04C2-1F76-4868-83BC-830DF54456F9}.Debug|Any CPU.Build.0 = Debug|Any CPU
		{B9ED04C2-1F76-4868-83BC-830DF54456F9}.Release|Any CPU.ActiveCfg = Release|Any CPU
		{B9ED04C2-1F76-4868-83BC-830DF54456F9}.Release|Any CPU.Build.0 = Release|Any CPU
	EndGlobalSection
	GlobalSection(SolutionProperties) = preSolution
		HideSolutionNode = FALSE
	EndGlobalSection
	GlobalSection(ExtensibilityGlobals) = postSolution
		SolutionGuid = {7F93C9B2-6302-4DA7-B5A0-894C00D7EB97}
	EndGlobalSection
EndGlobal
